
Microsoft Visual Studio Solution File, Format Version 12.00
# Visual Studio Version 16
VisualStudioVersion = 16.0.28803.156
MinimumVisualStudioVersion = 10.0.40219.1
Project("{9A19103F-16F7-4668-BE54-9A1E7A4F7556}") = "WebHostedWorker.Template", "WebHostedWorker.Template\WebHostedWorker.Template.csproj", "{64256F89-90C9-4253-9341-01B190DEEE47}"
EndProject
Global
	GlobalSection(SolutionConfigurationPlatforms) = preSolution
		Debug|Any CPU = Debug|Any CPU
		Release|Any CPU = Release|Any CPU
	EndGlobalSection
	GlobalSection(ProjectConfigurationPlatforms) = postSolution
		{64256F89-90C9-4253-9341-01B190DEEE47}.Debug|Any CPU.ActiveCfg = Debug|Any CPU
		{64256F89-90C9-4253-9341-01B190DEEE47}.Debug|Any CPU.Build.0 = Debug|Any CPU
		{64256F89-90C9-4253-9341-01B190DEEE47}.Release|Any CPU.ActiveCfg = Release|Any CPU
		{64256F89-90C9-4253-9341-01B190DEEE47}.Release|Any CPU.Build.0 = Release|Any CPU
	EndGlobalSection
	GlobalSection(SolutionProperties) = preSolution
		HideSolutionNode = FALSE
	EndGlobalSection
	GlobalSection(ExtensibilityGlobals) = postSolution
		SolutionGuid = {69F1EDB2-CF42-44C3-9727-B693C75A6C81}
	EndGlobalSection
EndGlobal
